
Microsoft Visual Studio Solution File, Format Version 12.00
# Blend for Visual Studio Version 16
VisualStudioVersion = 16.0.31911.196
MinimumVisualStudioVersion = 10.0.40219.1
Project("{FAE04EC0-301F-11D3-BF4B-00C04F79EFBC}") = "Data Binding", "Data Binding\Data Binding.csproj", "{8FF7ACD2-93A8-4D32-90F8-2C29BA8C0C01}"
EndProject
Global
	GlobalSection(SolutionConfigurationPlatforms) = preSolution
		Debug|Any CPU = Debug|Any CPU
		Release|Any CPU = Release|Any CPU
	EndGlobalSection
	GlobalSection(ProjectConfigurationPlatforms) = postSolution
		{8FF7ACD2-93A8-4D32-90F8-2C29BA8C0C01}.Debug|Any CPU.ActiveCfg = Debug|Any CPU
		{8FF7ACD2-93A8-4D32-90F8-2C29BA8C0C01}.Debug|Any CPU.Build.0 = Debug|Any CPU
		{8FF7ACD2-93A8-4D32-90F8-2C29BA8C0C01}.Release|Any CPU.ActiveCfg = Release|Any CPU
		{8FF7ACD2-93A8-4D32-90F8-2C29BA8C0C01}.Release|Any CPU.Build.0 = Release|Any CPU
	EndGlobalSection
	GlobalSection(SolutionProperties) = preSolution
		HideSolutionNode = FALSE
	EndGlobalSection
	GlobalSection(ExtensibilityGlobals) = postSolution
		SolutionGuid = {5298FBE4-4DA7-4E03-B246-86C927A2AC24}
	EndGlobalSection
EndGlobal
